
Microsoft Visual Studio Solution File, Format Version 12.00
# Visual Studio Version 17
VisualStudioVersion = 17.9.34616.47
MinimumVisualStudioVersion = 10.0.40219.1
Project("{FAE04EC0-301F-11D3-BF4B-00C04F79EFBC}") = "PNET_ININ4_hybryda_PR2_2", "PNET_ININ4_hybryda_PR2_2\PNET_ININ4_hybryda_PR2_2.csproj", "{3DA80721-9E54-4286-B917-5D8BCFEB6A80}"
EndProject
Global
	GlobalSection(SolutionConfigurationPlatforms) = preSolution
		Debug|Any CPU = Debug|Any CPU
		Release|Any CPU = Release|Any CPU
	EndGlobalSection
	GlobalSection(ProjectConfigurationPlatforms) = postSolution
		{3DA80721-9E54-4286-B917-5D8BCFEB6A80}.Debug|Any CPU.ActiveCfg = Debug|Any CPU
		{3DA80721-9E54-4286-B917-5D8BCFEB6A80}.Debug|Any CPU.Build.0 = Debug|Any CPU
		{3DA80721-9E54-4286-B917-5D8BCFEB6A80}.Release|Any CPU.ActiveCfg = Release|Any CPU
		{3DA80721-9E54-4286-B917-5D8BCFEB6A80}.Release|Any CPU.Build.0 = Release|Any CPU
	EndGlobalSection
	GlobalSection(SolutionProperties) = preSolution
		HideSolutionNode = FALSE
	EndGlobalSection
	GlobalSection(ExtensibilityGlobals) = postSolution
		SolutionGuid = {E5EB5FA5-D929-4608-8140-114A07D9263D}
	EndGlobalSection
EndGlobal
